
Microsoft Visual Studio Solution File, Format Version 12.00
# Visual Studio 14
VisualStudioVersion = 14.0.24720.0
MinimumVisualStudioVersion = 10.0.40219.1
Project("{FAE04EC0-301F-11D3-BF4B-00C04F79EFBC}") = "Market", "Market\Market.csproj", "{70143877-D263-416A-9AE2-B973EAA3B637}"
EndProject
Project("{FAE04EC0-301F-11D3-BF4B-00C04F79EFBC}") = "CLI", "CLI\CLI.csproj", "{5B8AFC08-AEB1-42F3-935A-8613B6EE64D5}"
EndProject
Global
	GlobalSection(SolutionConfigurationPlatforms) = preSolution
		Debug|Any CPU = Debug|Any CPU
		Release|Any CPU = Release|Any CPU
	EndGlobalSection
	GlobalSection(ProjectConfigurationPlatforms) = postSolution
		{70143877-D263-416A-9AE2-B973EAA3B637}.Debug|Any CPU.ActiveCfg = Debug|Any CPU
		{70143877-D263-416A-9AE2-B973EAA3B637}.Debug|Any CPU.Build.0 = Debug|Any CPU
		{70143877-D263-416A-9AE2-B973EAA3B637}.Release|Any CPU.ActiveCfg = Release|Any CPU
		{70143877-D263-416A-9AE2-B973EAA3B637}.Release|Any CPU.Build.0 = Release|Any CPU
		{5B8AFC08-AEB1-42F3-935A-8613B6EE64D5}.Debug|Any CPU.ActiveCfg = Debug|Any CPU
		{5B8AFC08-AEB1-42F3-935A-8613B6EE64D5}.Debug|Any CPU.Build.0 = Debug|Any CPU
		{5B8AFC08-AEB1-42F3-935A-8613B6EE64D5}.Release|Any CPU.ActiveCfg = Release|Any CPU
		{5B8AFC08-AEB1-42F3-935A-8613B6EE64D5}.Release|Any CPU.Build.0 = Release|Any CPU
	EndGlobalSection
	GlobalSection(SolutionProperties) = preSolution
		HideSolutionNode = FALSE
	EndGlobalSection
EndGlobal
